# This file is automatically @generated by Cargo.
# It is not intended for manual editing.
version = 4

[[package]]
name = "aead"
version = "0.5.2"
source = "registry+https://github.com/rust-lang/crates.io-index"
checksum = "d122413f284cf2d62fb1b7db97e02edb8cda96d769b16e443a4f6195e35662b0"
dependencies = [
 "crypto-common",
 "generic-array",
]

[[package]]
name = "aes"
version = "0.8.4"
source = "registry+https://github.com/rust-lang/crates.io-index"
checksum = "b169f7a6d4742236a0a00c541b845991d0ac43e546831af1249753ab4c3aa3a0"
dependencies = [
 "cfg-if",
 "cipher",
 "cpufeatures",
]

[[package]]
name = "ahash"
version = "0.8.12"
source = "registry+https://github.com/rust-lang/crates.io-index"
checksum = "5a15f179cd60c4584b8a8c596927aadc462e27f2ca70c04e0071964a73ba7a75"
dependencies = [
 "cfg-if",
 "once_cell",
 "version_check",
 "zerocopy",
]

[[package]]
name = "ark-bls12-381"
version = "0.4.0"
source = "registry+https://github.com/rust-lang/crates.io-index"
checksum = "c775f0d12169cba7aae4caeb547bb6a50781c7449a8aa53793827c9ec4abf488"
dependencies = [
 "ark-ec",
 "ark-ff",
 "ark-serialize",
 "ark-std",
]

[[package]]
name = "ark-crypto-primitives"
version = "0.4.0"
source = "registry+https://github.com/rust-lang/crates.io-index"
checksum = "1f3a13b34da09176a8baba701233fdffbaa7c1b1192ce031a3da4e55ce1f1a56"
dependencies = [
 "ark-ec",
 "ark-ff",
 "ark-relations",
 "ark-serialize",
 "ark-snark",
 "ark-std",
 "blake2",
 "derivative",
 "digest",
 "rayon",
 "sha2",
]

[[package]]
name = "ark-ec"
version = "0.4.2"
source = "registry+https://github.com/rust-lang/crates.io-index"
checksum = "defd9a439d56ac24968cca0571f598a61bc8c55f71d50a89cda591cb750670ba"
dependencies = [
 "ark-ff",
 "ark-poly",
 "ark-serialize",
 "ark-std",
 "derivative",
 "hashbrown 0.13.2",
 "itertools",
 "num-traits",
 "rayon",
 "zeroize",
]

[[package]]
name = "ark-ff"
version = "0.4.2"
source = "registry+https://github.com/rust-lang/crates.io-index"
checksum = "ec847af850f44ad29048935519032c33da8aa03340876d351dfab5660d2966ba"
dependencies = [
 "ark-ff-asm",
 "ark-ff-macros",
 "ark-serialize",
 "ark-std",
 "derivative",
 "digest",
 "itertools",
 "num-bigint",
 "num-traits",
 "paste",
 "rayon",
 "rustc_version",
 "zeroize",
]

[[package]]
name = "ark-ff-asm"
version = "0.4.2"
source = "registry+https://github.com/rust-lang/crates.io-index"
checksum = "3ed4aa4fe255d0bc6d79373f7e31d2ea147bcf486cba1be5ba7ea85abdb92348"
dependencies = [
 "quote",
 "syn 1.0.109",
]

[[package]]
name = "ark-ff-macros"
version = "0.4.2"
source = "registry+https://github.com/rust-lang/crates.io-index"
checksum = "7abe79b0e4288889c4574159ab790824d0033b9fdcb2a112a3182fac2e514565"
dependencies = [
 "num-bigint",
 "num-traits",
 "proc-macro2",
 "quote",
 "syn 1.0.109",
]

[[package]]
name = "ark-groth16"
version = "0.4.0"
source = "registry+https://github.com/rust-lang/crates.io-index"
checksum = "20ceafa83848c3e390f1cbf124bc3193b3e639b3f02009e0e290809a501b95fc"
dependencies = [
 "ark-crypto-primitives",
 "ark-ec",
 "ark-ff",
 "ark-poly",
 "ark-relations",
 "ark-serialize",
 "ark-std",
 "rayon",
]

[[package]]
name = "ark-poly"
version = "0.4.2"
source = "registry+https://github.com/rust-lang/crates.io-index"
checksum = "d320bfc44ee185d899ccbadfa8bc31aab923ce1558716e1997a1e74057fe86bf"
dependencies = [
 "ark-ff",
 "ark-serialize",
 "ark-std",
 "derivative",
 "hashbrown 0.13.2",
 "rayon",
]

[[package]]
name = "ark-r1cs-std"
version = "0.4.0"
source = "registry+https://github.com/rust-lang/crates.io-index"
checksum = "de1d1472e5cb020cb3405ce2567c91c8d43f21b674aef37b0202f5c3304761db"
dependencies = [
 "ark-ec",
 "ark-ff",
 "ark-relations",
 "ark-std",
 "derivative",
 "num-bigint",
 "num-integer",
 "num-traits",
 "tracing",
]

[[package]]
name = "ark-relations"
version = "0.4.0"
source = "registry+https://github.com/rust-lang/crates.io-index"
checksum = "00796b6efc05a3f48225e59cb6a2cda78881e7c390872d5786aaf112f31fb4f0"
dependencies = [
 "ark-ff",
 "ark-std",
 "tracing",
 "tracing-subscriber",
]

[[package]]
name = "ark-serialize"
version = "0.4.2"
source = "registry+https://github.com/rust-lang/crates.io-index"
checksum = "adb7b85a02b83d2f22f89bd5cac66c9c89474240cb6207cb1efc16d098e822a5"
dependencies = [
 "ark-serialize-derive",
 "ark-std",
 "digest",
 "num-bigint",
]

[[package]]
name = "ark-serialize-derive"
version = "0.4.2"
source = "registry+https://github.com/rust-lang/crates.io-index"
checksum = "ae3281bc6d0fd7e549af32b52511e1302185bd688fd3359fa36423346ff682ea"
dependencies = [
 "proc-macro2",
 "quote",
 "syn 1.0.109",
]

[[package]]
name = "ark-snark"
version = "0.4.0"
source = "registry+https://github.com/rust-lang/crates.io-index"
checksum = "84d3cc6833a335bb8a600241889ead68ee89a3cf8448081fb7694c0fe503da63"
dependencies = [
 "ark-ff",
 "ark-relations",
 "ark-serialize",
 "ark-std",
]

[[package]]
name = "ark-std"
version = "0.4.0"
source = "registry+https://github.com/rust-lang/crates.io-index"
checksum = "94893f1e0c6eeab764ade8dc4c0db24caf4fe7cbbaafc0eba0a9030f447b5185"
dependencies = [
 "num-traits",
 "rand",
 "rayon",
]

[[package]]
name = "arrayref"
version = "0.3.9"
source = "registry+https://github.com/rust-lang/crates.io-index"
checksum = "76a2e8124351fda1ef8aaaa3bbd7ebbcb486bbcd4225aca0aa0d84bb2db8fecb"

[[package]]
name = "arrayvec"
version = "0.7.6"
source = "registry+https://github.com/rust-lang/crates.io-index"
checksum = "7c02d123df017efcdfbd739ef81735b36c5ba83ec3c59c80a9d7ecc718f92e50"

[[package]]
name = "autocfg"
version = "1.5.0"
source = "registry+https://github.com/rust-lang/crates.io-index"
checksum = "c08606f8c3cbf4ce6ec8e28fb0014a2c086708fe954eaa885384a6165172e7e8"

[[package]]
name = "base64"
version = "0.22.1"
source = "registry+https://github.com/rust-lang/crates.io-index"
checksum = "72b3254f16251a8381aa12e40e3c4d2f0199f8c6508fbecb9d91f575e0fbb8c6"

[[package]]
name = "bech32"
version = "0.11.1"
source = "registry+https://github.com/rust-lang/crates.io-index"
checksum = "32637268377fc7b10a8c6d51de3e7fba1ce5dd371a96e342b34e6078db558e7f"

[[package]]
name = "bitvec"
version = "1.0.1"
source = "registry+https://github.com/rust-lang/crates.io-index"
checksum = "1bc2832c24239b0141d5674bb9174f9d68a8b5b3f2753311927c172ca46f7e9c"
dependencies = [
 "funty",
 "radium",
 "tap",
 "wyz",
]

[[package]]
name = "blake2"
version = "0.10.6"
source = "registry+https://github.com/rust-lang/crates.io-index"
checksum = "46502ad458c9a52b69d4d4d32775c788b7a1b85e8bc9d482d92250fc0e3f8efe"
dependencies = [
 "digest",
]

[[package]]
name = "blake2b_simd"
version = "1.0.4"
source = "registry+https://github.com/rust-lang/crates.io-index"
checksum = "b79834656f71332577234b50bfc009996f7449e0c056884e6a02492ded0ca2f3"
dependencies = [
 "arrayref",
 "arrayvec",
 "constant_time_eq",
]

[[package]]
name = "block-buffer"
version = "0.10.4"
source = "registry+https://github.com/rust-lang/crates.io-index"
checksum = "3078c7629b62d3f0439517fa394996acacc5cbc91c5a20d8c658e77abd503a71"
dependencies = [
 "generic-array",
]

[[package]]
name = "bls12_381"
version = "0.8.0"
source = "registry+https://github.com/rust-lang/crates.io-index"
checksum = "d7bc6d6292be3a19e6379786dac800f551e5865a5bb51ebbe3064ab80433f403"
dependencies = [
 "ff",
 "rand_core",
 "subtle",
]

[[package]]
name = "bs58"
version = "0.5.1"
source = "registry+https://github.com/rust-lang/crates.io-index"
checksum = "bf88ba1141d185c399bee5288d850d63b8369520c1eafc32a0430b5b6c287bf4"
dependencies = [
 "sha2",
 "tinyvec",
]

[[package]]
name = "byteorder"
version = "1.5.0"
source = "registry+https://github.com/rust-lang/crates.io-index"
checksum = "1fd0f2584146f6f2ef48085050886acf353beff7305ebd1ae69500e27c67f64b"

[[package]]
name = "cbc"
version = "0.1.2"
source = "registry+https://github.com/rust-lang/crates.io-index"
checksum = "26b52a9543ae338f279b96b0b9fed9c8093744685043739079ce85cd58f289a6"
dependencies = [
 "cipher",
]

[[package]]
name = "cfg-if"
version = "1.0.4"
source = "registry+https://github.com/rust-lang/crates.io-index"
checksum = "9330f8b2ff13f34540b44e946ef35111825727b38d33286ef986142615121801"

[[package]]
name = "chacha20"
version = "0.9.1"
source = "registry+https://github.com/rust-lang/crates.io-index"
checksum = "c3613f74bd2eac03dad61bd53dbe620703d4371614fe0bc3b9f04dd36fe4e818"
dependencies = [
 "cfg-if",
 "cipher",
 "cpufeatures",
]

[[package]]
name = "chacha20poly1305"
version = "0.10.1"
source = "registry+https://github.com/rust-lang/crates.io-index"
checksum = "10cd79432192d1c0f4e1a0fef9527696cc039165d729fb41b3f4f4f354c2dc35"
dependencies = [
 "aead",
 "chacha20",
 "cipher",
 "poly1305",
 "zeroize",
]

[[package]]
name = "cipher"
version = "0.4.4"
source = "registry+https://github.com/rust-lang/crates.io-index"
checksum = "773f3b9af64447d2ce9850330c473515014aa235e6a783b02db81ff39e4a3dad"
dependencies = [
 "crypto-common",
 "inout",
 "zeroize",
]

[[package]]
name = "constant_time_eq"
version = "0.4.2"
source = "registry+https://github.com/rust-lang/crates.io-index"
checksum = "3d52eff69cd5e647efe296129160853a42795992097e8af39800e1060caeea9b"

[[package]]
name = "core2"
version = "0.3.3"
source = "registry+https://github.com/rust-lang/crates.io-index"
checksum = "239fa3ae9b63c2dc74bd3fa852d4792b8b305ae64eeede946265b6af62f1fff3"
dependencies = [
 "memchr",
]

[[package]]
name = "cpufeatures"
version = "0.2.17"
source = "registry+https://github.com/rust-lang/crates.io-index"
checksum = "59ed5838eebb26a2bb2e58f6d5b5316989ae9d08bab10e0e6d103e656d1b0280"
dependencies = [
 "libc",
]

[[package]]
name = "crossbeam-deque"
version = "0.8.6"
source = "registry+https://github.com/rust-lang/crates.io-index"
checksum = "9dd111b7b7f7d55b72c0a6ae361660ee5853c9af73f70c3c2ef6858b950e2e51"
dependencies = [
 "crossbeam-epoch",
 "crossbeam-utils",
]

[[package]]
name = "crossbeam-epoch"
version = "0.9.18"
source = "registry+https://github.com/rust-lang/crates.io-index"
checksum = "5b82ac4a3c2ca9c3460964f020e1402edd5753411d7737aa39c3714ad1b5420e"
dependencies = [
 "crossbeam-utils",
]

[[package]]
name = "crossbeam-utils"
version = "0.8.21"
source = "registry+https://github.com/rust-lang/crates.io-index"
checksum = "d0a5c400df2834b80a4c3327b3aad3a4c4cd4de0629063962b03235697506a28"

[[package]]
name = "crunchy"
version = "0.2.4"
source = "registry+https://github.com/rust-lang/crates.io-index"
checksum = "460fbee9c2c2f33933d720630a6a0bac33ba7053db5344fac858d4b8952d77d5"

[[package]]
name = "crypto-common"
version = "0.1.7"
source = "registry+https://github.com/rust-lang/crates.io-index"
checksum = "78c8292055d1c1df0cce5d180393dc8cce0abec0a7102adb6c7b1eef6016d60a"
dependencies = [
 "generic-array",
 "typenum",
]

[[package]]
name = "derivative"
version = "2.2.0"
source = "registry+https://github.com/rust-lang/crates.io-index"
checksum = "fcc3dd5e9e9c0b295d6e1e4d811fb6f157d5ffd784b8d202fc62eac8035a770b"
dependencies = [
 "proc-macro2",
 "quote",
 "syn 1.0.109",
]

[[package]]
name = "digest"
version = "0.10.7"
source = "registry+https://github.com/rust-lang/crates.io-index"
checksum = "9ed9a281f7bc9b7576e61468ba615a66a5c8cfdff42420a70aa82701a3b1e292"
dependencies = [
 "block-buffer",
 "crypto-common",
 "subtle",
]

[[package]]
name = "document-features"
version = "0.2.12"
source = "registry+https://github.com/rust-lang/crates.io-index"
checksum = "d4b8a88685455ed29a21542a33abd9cb6510b6b129abadabdcef0f4c55bc8f61"
dependencies = [
 "litrs",
]

[[package]]
name = "either"
version = "1.15.0"
source = "registry+https://github.com/rust-lang/crates.io-index"
checksum = "48c757948c5ede0e46177b7add2e67155f70e33c07fea8284df6576da70b3719"

[[package]]
name = "f4jumble"
version = "0.1.1"
source = "registry+https://github.com/rust-lang/crates.io-index"
checksum = "0d42773cb15447644d170be20231a3268600e0c4cea8987d013b93ac973d3cf7"
dependencies = [
 "blake2b_simd",
]

[[package]]
name = "ff"
version = "0.13.1"
source = "registry+https://github.com/rust-lang/crates.io-index"
checksum = "c0b50bfb653653f9ca9095b427bed08ab8d75a137839d9ad64eb11810d5b6393"
dependencies = [
 "bitvec",
 "rand_core",
 "subtle",
]

[[package]]
name = "fpe"
version = "0.6.1"
source = "registry+https://github.com/rust-lang/crates.io-index"
checksum = "26c4b37de5ae15812a764c958297cfc50f5c010438f60c6ce75d11b802abd404"
dependencies = [
 "cbc",
 "cipher",
 "libm",
 "num-bigint",
 "num-integer",
 "num-traits",
]

[[package]]
name = "funty"
version = "2.0.0"
source = "registry+https://github.com/rust-lang/crates.io-index"
checksum = "e6d5a32815ae3f33302d95fdcb2ce17862f8c65363dcfd29360480ba1001fc9c"

[[package]]
name = "generic-array"
version = "0.14.7"
source = "registry+https://github.com/rust-lang/crates.io-index"
checksum = "85649ca51fd72272d7821adaf274ad91c288277713d9c18820d8499a7ff69e9a"
dependencies = [
 "typenum",
 "version_check",
]

[[package]]
name = "getrandom"
version = "0.2.17"
source = "registry+https://github.com/rust-lang/crates.io-index"
checksum = "ff2abc00be7fca6ebc474524697ae276ad847ad0a6b3faa4bcb027e9a4614ad0"
dependencies = [
 "cfg-if",
 "libc",
 "wasi",
]

[[package]]
name = "getset"
version = "0.1.6"
source = "registry+https://github.com/rust-lang/crates.io-index"
checksum = "9cf0fc11e47561d47397154977bc219f4cf809b2974facc3ccb3b89e2436f912"
dependencies = [
 "proc-macro-error2",
 "proc-macro2",
 "quote",
 "syn 2.0.117",
]

[[package]]
name = "group"
version = "0.13.0"
source = "registry+https://github.com/rust-lang/crates.io-index"
checksum = "f0f9ef7462f7c099f518d754361858f86d8a07af53ba9af0fe635bbccb151a63"
dependencies = [
 "ff",
 "memuse",
 "rand_core",
 "subtle",
]

[[package]]
name = "halo2_gadgets"
version = "0.3.1"
source = "registry+https://github.com/rust-lang/crates.io-index"
checksum = "73a5e510d58a07d8ed238a5a8a436fe6c2c79e1bb2611f62688bc65007b4e6e7"
dependencies = [
 "arrayvec",
 "bitvec",
 "ff",
 "group",
 "halo2_poseidon",
 "halo2_proofs",
 "lazy_static",
 "pasta_curves",
 "rand",
 "sinsemilla",
 "subtle",
 "uint",
]

[[package]]
name = "halo2_legacy_pdqsort"
version = "0.1.0"
source = "registry+https://github.com/rust-lang/crates.io-index"
checksum = "47716fe1ae67969c5e0b2ef826f32db8c3be72be325e1aa3c1951d06b5575ec5"

[[package]]
name = "halo2_poseidon"
version = "0.1.0"
source = "registry+https://github.com/rust-lang/crates.io-index"
checksum = "0fa3da60b81f02f9b33ebc6252d766f843291fb4d2247a07ae73d20b791fc56f"
dependencies = [
 "bitvec",
 "ff",
 "group",
 "pasta_curves",
]

[[package]]
name = "halo2_proofs"
version = "0.3.2"
source = "registry+https://github.com/rust-lang/crates.io-index"
checksum = "05713f117155643ce10975e0bee44a274bcda2f4bb5ef29a999ad67c1fa8d4d3"
dependencies = [
 "blake2b_simd",
 "ff",
 "group",
 "halo2_legacy_pdqsort",
 "indexmap",
 "maybe-rayon",
 "pasta_curves",
 "rand_core",
 "tracing",
]

[[package]]
name = "hashbrown"
version = "0.12.3"
source = "registry+https://github.com/rust-lang/crates.io-index"
checksum = "8a9ee70c43aaf417c914396645a0fa852624801b24ebb7ae78fe8272889ac888"

[[package]]
name = "hashbrown"
version = "0.13.2"
source = "registry+https://github.com/rust-lang/crates.io-index"
checksum = "43a3c133739dddd0d2990f9a4bdf8eb4b21ef50e4851ca85ab661199821d510e"
dependencies = [
 "ahash",
]

[[package]]
name = "hex"
version = "0.4.3"
source = "registry+https://github.com/rust-lang/crates.io-index"
checksum = "7f24254aa9a54b5c858eaee2f5bccdb46aaf0e486a595ed5fd8f86ba55232a70"

[[package]]
name = "incrementalmerkletree"
version = "0.7.1"
source = "registry+https://github.com/rust-lang/crates.io-index"
checksum = "216c71634ac6f6ed13c2102d64354c0a04dcbdc30e31692c5972d3974d8b6d97"
dependencies = [
 "either",
]

[[package]]
name = "indexmap"
version = "1.9.3"
source = "registry+https://github.com/rust-lang/crates.io-index"
checksum = "bd070e393353796e801d209ad339e89596eb4c8d430d18ede6a1cced8fafbd99"
dependencies = [
 "autocfg",
 "hashbrown 0.12.3",
]

[[package]]
name = "inout"
version = "0.1.4"
source = "registry+https://github.com/rust-lang/crates.io-index"
checksum = "879f10e63c20629ecabbb64a8010319738c66a5cd0c29b02d63d272b03751d01"
dependencies = [
 "generic-array",
]

[[package]]
name = "itertools"
version = "0.10.5"
source = "registry+https://github.com/rust-lang/crates.io-index"
checksum = "b0fd2260e829bddf4cb6ea802289de2f86d6a7a690192fbe91b3f46e0f2c8473"
dependencies = [
 "either",
]

[[package]]
name = "jubjub"
version = "0.10.0"
source = "registry+https://github.com/rust-lang/crates.io-index"
checksum = "8499f7a74008aafbecb2a2e608a3e13e4dd3e84df198b604451efe93f2de6e61"
dependencies = [
 "bitvec",
 "bls12_381",
 "ff",
 "group",
 "rand_core",
 "subtle",
]

[[package]]
name = "lazy_static"
version = "1.5.0"
source = "registry+https://github.com/rust-lang/crates.io-index"
checksum = "bbd2bcb4c963f2ddae06a2efc7e9f3591312473c50c6685e1f298068316e66fe"
dependencies = [
 "spin",
]

[[package]]
name = "libc"
version = "0.2.183"
source = "registry+https://github.com/rust-lang/crates.io-index"
checksum = "b5b646652bf6661599e1da8901b3b9522896f01e736bad5f723fe7a3a27f899d"

[[package]]
name = "libm"
version = "0.2.16"
source = "registry+https://github.com/rust-lang/crates.io-index"
checksum = "b6d2cec3eae94f9f509c767b45932f1ada8350c4bdb85af2fcab4a3c14807981"

[[package]]
name = "litrs"
version = "1.0.0"
source = "registry+https://github.com/rust-lang/crates.io-index"
checksum = "11d3d7f243d5c5a8b9bb5d6dd2b1602c0cb0b9db1621bafc7ed66e35ff9fe092"

[[package]]
name = "maybe-rayon"
version = "0.1.1"
source = "registry+https://github.com/rust-lang/crates.io-index"
checksum = "8ea1f30cedd69f0a2954655f7188c6a834246d2bcf1e315e2ac40c4b24dc9519"
dependencies = [
 "cfg-if",
 "rayon",
]

[[package]]
name = "memchr"
version = "2.8.0"
source = "registry+https://github.com/rust-lang/crates.io-index"
checksum = "f8ca58f447f06ed17d5fc4043ce1b10dd205e060fb3ce5b979b8ed8e59ff3f79"

[[package]]
name = "memuse"
version = "0.2.2"
source = "registry+https://github.com/rust-lang/crates.io-index"
checksum = "3d97bbf43eb4f088f8ca469930cde17fa036207c9a5e02ccc5107c4e8b17c964"

[[package]]
name = "nonempty"
version = "0.7.0"
source = "registry+https://github.com/rust-lang/crates.io-index"
checksum = "e9e591e719385e6ebaeb5ce5d3887f7d5676fceca6411d1925ccc95745f3d6f7"

[[package]]
name = "nonempty"
version = "0.11.0"
source = "registry+https://github.com/rust-lang/crates.io-index"
checksum = "549e471b99ccaf2f89101bec68f4d244457d5a95a9c3d0672e9564124397741d"

[[package]]
name = "num-bigint"
version = "0.4.6"
source = "registry+https://github.com/rust-lang/crates.io-index"
checksum = "a5e44f723f1133c9deac646763579fdb3ac745e418f2a7af9cd0c431da1f20b9"
dependencies = [
 "num-integer",
 "num-traits",
]

[[package]]
name = "num-integer"
version = "0.1.46"
source = "registry+https://github.com/rust-lang/crates.io-index"
checksum = "7969661fd2958a5cb096e56c8e1ad0444ac2bbcd0061bd28660485a44879858f"
dependencies = [
 "num-traits",
]

[[package]]
name = "num-traits"
version = "0.2.19"
source = "registry+https://github.com/rust-lang/crates.io-index"
checksum = "071dfc062690e90b734c0b2273ce72ad0ffa95f0c74596bc250dcfd960262841"
dependencies = [
 "autocfg",
]

[[package]]
name = "once_cell"
version = "1.21.4"
source = "registry+https://github.com/rust-lang/crates.io-index"
checksum = "9f7c3e4beb33f85d45ae3e3a1792185706c8e16d043238c593331cc7cd313b50"

[[package]]
name = "opaque-debug"
version = "0.3.1"
source = "registry+https://github.com/rust-lang/crates.io-index"
checksum = "c08d65885ee38876c4f86fa503fb49d7b507c2b62552df7c70b2fce627e06381"

[[package]]
name = "orchard"
version = "0.10.2"
source = "registry+https://github.com/rust-lang/crates.io-index"
checksum = "f2f4cf75baf85bbd6f15eb919b7e70afdc4a311eef0a3e8a053e65542fe2b58e"
dependencies = [
 "aes",
 "bitvec",
 "blake2b_simd",
 "core2",
 "ff",
 "fpe",
 "getset",
 "group",
 "halo2_gadgets",
 "halo2_poseidon",
 "halo2_proofs",
 "hex",
 "incrementalmerkletree",
 "lazy_static",
 "memuse",
 "nonempty 0.7.0",
 "pasta_curves",
 "rand",
 "reddsa",
 "serde",
 "sinsemilla",
 "subtle",
 "tracing",
 "visibility",
 "zcash_note_encryption",
 "zcash_spec",
 "zip32",
]

[[package]]
name = "pasta_curves"
version = "0.5.1"
source = "registry+https://github.com/rust-lang/crates.io-index"
checksum = "d3e57598f73cc7e1b2ac63c79c517b31a0877cd7c402cdcaa311b5208de7a095"
dependencies = [
 "blake2b_simd",
 "ff",
 "group",
 "lazy_static",
 "rand",
 "static_assertions",
 "subtle",
]

[[package]]
name = "paste"
version = "1.0.15"
source = "registry+https://github.com/rust-lang/crates.io-index"
checksum = "57c0d7b74b563b49d38dae00a0c37d4d6de9b432382b2892f0574ddcae73fd0a"

[[package]]
name = "pin-project-lite"
version = "0.2.17"
source = "registry+https://github.com/rust-lang/crates.io-index"
checksum = "a89322df9ebe1c1578d689c92318e070967d1042b512afbe49518723f4e6d5cd"

[[package]]
name = "poly1305"
version = "0.8.0"
source = "registry+https://github.com/rust-lang/crates.io-index"
checksum = "8159bd90725d2df49889a078b54f4f79e87f1f8a8444194cdca81d38f5393abf"
dependencies = [
 "cpufeatures",
 "opaque-debug",
 "universal-hash",
]

[[package]]
name = "ppv-lite86"
version = "0.2.21"
source = "registry+https://github.com/rust-lang/crates.io-index"
checksum = "85eae3c4ed2f50dcfe72643da4befc30deadb458a9b590d720cde2f2b1e97da9"
dependencies = [
 "zerocopy",
]

[[package]]
name = "proc-macro-error-attr2"
version = "2.0.0"
source = "registry+https://github.com/rust-lang/crates.io-index"
checksum = "96de42df36bb9bba5542fe9f1a054b8cc87e172759a1868aa05c1f3acc89dfc5"
dependencies = [
 "proc-macro2",
 "quote",
]

[[package]]
name = "proc-macro-error2"
version = "2.0.1"
source = "registry+https://github.com/rust-lang/crates.io-index"
checksum = "11ec05c52be0a07b08061f7dd003e7d7092e0472bc731b4af7bb1ef876109802"
dependencies = [
 "proc-macro-error-attr2",
 "proc-macro2",
 "quote",
 "syn 2.0.117",
]

[[package]]
name = "proc-macro2"
version = "1.0.106"
source = "registry+https://github.com/rust-lang/crates.io-index"
checksum = "8fd00f0bb2e90d81d1044c2b32617f68fcb9fa3bb7640c23e9c748e53fb30934"
dependencies = [
 "unicode-ident",
]

[[package]]
name = "quote"
version = "1.0.45"
source = "registry+https://github.com/rust-lang/crates.io-index"
checksum = "41f2619966050689382d2b44f664f4bc593e129785a36d6ee376ddf37259b924"
dependencies = [
 "proc-macro2",
]

[[package]]
name = "radium"
version = "0.7.0"
source = "registry+https://github.com/rust-lang/crates.io-index"
checksum = "dc33ff2d4973d518d823d61aa239014831e521c75da58e3df4840d3f47749d09"

[[package]]
name = "rand"
version = "0.8.5"
source = "registry+https://github.com/rust-lang/crates.io-index"
checksum = "34af8d1a0e25924bc5b7c43c079c942339d8f0a8b57c39049bef581b46327404"
dependencies = [
 "libc",
 "rand_chacha",
 "rand_core",
]

[[package]]
name = "rand_chacha"
version = "0.3.1"
source = "registry+https://github.com/rust-lang/crates.io-index"
checksum = "e6c10a63a0fa32252be49d21e7709d4d4baf8d231c2dbce1eaa8141b9b127d88"
dependencies = [
 "ppv-lite86",
 "rand_core",
]

[[package]]
name = "rand_core"
version = "0.6.4"
source = "registry+https://github.com/rust-lang/crates.io-index"
checksum = "ec0be4795e2f6a28069bec0b5ff3e2ac9bafc99e6a9a7dc3547996c5c816922c"
dependencies = [
 "getrandom",
]

[[package]]
name = "rayon"
version = "1.11.0"
source = "registry+https://github.com/rust-lang/crates.io-index"
checksum = "368f01d005bf8fd9b1206fb6fa653e6c4a81ceb1466406b81792d87c5677a58f"
dependencies = [
 "either",
 "rayon-core",
]

[[package]]
name = "rayon-core"
version = "1.13.0"
source = "registry+https://github.com/rust-lang/crates.io-index"
checksum = "22e18b0f0062d30d4230b2e85ff77fdfe4326feb054b9783a3460d8435c8ab91"
dependencies = [
 "crossbeam-deque",
 "crossbeam-utils",
]

[[package]]
name = "reddsa"
version = "0.5.1"
source = "registry+https://github.com/rust-lang/crates.io-index"
checksum = "78a5191930e84973293aa5f532b513404460cd2216c1cfb76d08748c15b40b02"
dependencies = [
 "blake2b_simd",
 "byteorder",
 "group",
 "hex",
 "jubjub",
 "pasta_curves",
 "rand_core",
 "serde",
 "thiserror",
 "zeroize",
]

[[package]]
name = "rustc_version"
version = "0.4.1"
source = "registry+https://github.com/rust-lang/crates.io-index"
checksum = "cfcb3a22ef46e85b45de6ee7e79d063319ebb6594faafcf1c225ea92ab6e9b92"
dependencies = [
 "semver",
]

[[package]]
name = "semver"
version = "1.0.27"
source = "registry+https://github.com/rust-lang/crates.io-index"
checksum = "d767eb0aabc880b29956c35734170f26ed551a859dbd361d140cdbeca61ab1e2"

[[package]]
name = "serde"
version = "1.0.228"
source = "registry+https://github.com/rust-lang/crates.io-index"
checksum = "9a8e94ea7f378bd32cbbd37198a4a91436180c5bb472411e48b5ec2e2124ae9e"
dependencies = [
 "serde_core",
 "serde_derive",
]

[[package]]
name = "serde_core"
version = "1.0.228"
source = "registry+https://github.com/rust-lang/crates.io-index"
checksum = "41d385c7d4ca58e59fc732af25c3983b67ac852c1a25000afe1175de458b67ad"
dependencies = [
 "serde_derive",
]

[[package]]
name = "serde_derive"
version = "1.0.228"
source = "registry+https://github.com/rust-lang/crates.io-index"
checksum = "d540f220d3187173da220f885ab66608367b6574e925011a9353e4badda91d79"
dependencies = [
 "proc-macro2",
 "quote",
 "syn 2.0.117",
]

[[package]]
name = "sha2"
version = "0.10.9"
source = "registry+https://github.com/rust-lang/crates.io-index"
checksum = "a7507d819769d01a365ab707794a4084392c824f54a7a6a7862f8c3d0892b283"
dependencies = [
 "cfg-if",
 "cpufeatures",
 "digest",
]

[[package]]
name = "sinsemilla"
version = "0.1.0"
source = "registry+https://github.com/rust-lang/crates.io-index"
checksum = "3d268ae0ea06faafe1662e9967cd4f9022014f5eeb798e0c302c876df8b7af9c"
dependencies = [
 "group",
 "pasta_curves",
 "subtle",
]

[[package]]
name = "spin"
version = "0.9.8"
source = "registry+https://github.com/rust-lang/crates.io-index"
checksum = "6980e8d7511241f8acf4aebddbb1ff938df5eebe98691418c4468d0b72a96a67"

[[package]]
name = "static_assertions"
version = "1.1.0"
source = "registry+https://github.com/rust-lang/crates.io-index"
checksum = "a2eb9349b6444b326872e140eb1cf5e7c522154d69e7a0ffb0fb81c06b37543f"

[[package]]
name = "subtle"
version = "2.6.1"
source = "registry+https://github.com/rust-lang/crates.io-index"
checksum = "13c2bddecc57b384dee18652358fb23172facb8a2c51ccc10d74c157bdea3292"

[[package]]
name = "syn"
version = "1.0.109"
source = "registry+https://github.com/rust-lang/crates.io-index"
checksum = "72b64191b275b66ffe2469e8af2c1cfe3bafa67b529ead792a6d0160888b4237"
dependencies = [
 "proc-macro2",
 "quote",
 "unicode-ident",
]

[[package]]
name = "syn"
version = "2.0.117"
source = "registry+https://github.com/rust-lang/crates.io-index"
checksum = "e665b8803e7b1d2a727f4023456bbbbe74da67099c585258af0ad9c5013b9b99"
dependencies = [
 "proc-macro2",
 "quote",
 "unicode-ident",
]

[[package]]
name = "tap"
version = "1.0.1"
source = "registry+https://github.com/rust-lang/crates.io-index"
checksum = "55937e1799185b12863d447f42597ed69d9928686b8d88a1df17376a097d8369"

[[package]]
name = "thiserror"
version = "1.0.69"
source = "registry+https://github.com/rust-lang/crates.io-index"
checksum = "b6aaf5339b578ea85b50e080feb250a3e8ae8cfcdff9a461c9ec2904bc923f52"
dependencies = [
 "thiserror-impl",
]

[[package]]
name = "thiserror-impl"
version = "1.0.69"
source = "registry+https://github.com/rust-lang/crates.io-index"
checksum = "4fee6c4efc90059e10f81e6d42c60a18f76588c3d74cb83a0b242a2b6c7504c1"
dependencies = [
 "proc-macro2",
 "quote",
 "syn 2.0.117",
]

[[package]]
name = "tinyvec"
version = "1.11.0"
source = "registry+https://github.com/rust-lang/crates.io-index"
checksum = "3e61e67053d25a4e82c844e8424039d9745781b3fc4f32b8d55ed50f5f667ef3"
dependencies = [
 "tinyvec_macros",
]

[[package]]
name = "tinyvec_macros"
version = "0.1.1"
source = "registry+https://github.com/rust-lang/crates.io-index"
checksum = "1f3ccbac311fea05f86f61904b462b55fb3df8837a366dfc601a0161d0532f20"

[[package]]
name = "tracing"
version = "0.1.44"
source = "registry+https://github.com/rust-lang/crates.io-index"
checksum = "63e71662fa4b2a2c3a26f570f037eb95bb1f85397f3cd8076caed2f026a6d100"
dependencies = [
 "pin-project-lite",
 "tracing-attributes",
 "tracing-core",
]

[[package]]
name = "tracing-attributes"
version = "0.1.31"
source = "registry+https://github.com/rust-lang/crates.io-index"
checksum = "7490cfa5ec963746568740651ac6781f701c9c5ea257c58e057f3ba8cf69e8da"
dependencies = [
 "proc-macro2",
 "quote",
 "syn 2.0.117",
]

[[package]]
name = "tracing-core"
version = "0.1.36"
source = "registry+https://github.com/rust-lang/crates.io-index"
checksum = "db97caf9d906fbde555dd62fa95ddba9eecfd14cb388e4f491a66d74cd5fb79a"
dependencies = [
 "once_cell",
 "valuable",
]

[[package]]
name = "tracing-subscriber"
version = "0.2.25"
source = "registry+https://github.com/rust-lang/crates.io-index"
checksum = "0e0d2eaa99c3c2e41547cfa109e910a68ea03823cccad4a0525dcbc9b01e8c71"
dependencies = [
 "tracing-core",
]

[[package]]
name = "typenum"
version = "1.19.0"
source = "registry+https://github.com/rust-lang/crates.io-index"
checksum = "562d481066bde0658276a35467c4af00bdc6ee726305698a55b86e61d7ad82bb"

[[package]]
name = "uint"
version = "0.9.5"
source = "registry+https://github.com/rust-lang/crates.io-index"
checksum = "76f64bba2c53b04fcab63c01a7d7427eadc821e3bc48c34dc9ba29c501164b52"
dependencies = [
 "byteorder",
 "crunchy",
 "hex",
 "static_assertions",
]

[[package]]
name = "unicode-ident"
version = "1.0.24"
source = "registry+https://github.com/rust-lang/crates.io-index"
checksum = "e6e4313cd5fcd3dad5cafa179702e2b244f760991f45397d14d4ebf38247da75"

[[package]]
name = "universal-hash"
version = "0.5.1"
source = "registry+https://github.com/rust-lang/crates.io-index"
checksum = "fc1de2c688dc15305988b563c3854064043356019f97a4b46276fe734c4f07ea"
dependencies = [
 "crypto-common",
 "subtle",
]

[[package]]
name = "valuable"
version = "0.1.1"
source = "registry+https://github.com/rust-lang/crates.io-index"
checksum = "ba73ea9cf16a25df0c8caa16c51acb937d5712a8429db78a3ee29d5dcacd3a65"

[[package]]
name = "version_check"
version = "0.9.5"
source = "registry+https://github.com/rust-lang/crates.io-index"
checksum = "0b928f33d975fc6ad9f86c8f283853ad26bdd5b10b7f1542aa2fa15e2289105a"

[[package]]
name = "visibility"
version = "0.1.1"
source = "registry+https://github.com/rust-lang/crates.io-index"
checksum = "d674d135b4a8c1d7e813e2f8d1c9a58308aee4a680323066025e53132218bd91"
dependencies = [
 "proc-macro2",
 "quote",
 "syn 2.0.117",
]

[[package]]
name = "wasi"
version = "0.11.1+wasi-snapshot-preview1"
source = "registry+https://github.com/rust-lang/crates.io-index"
checksum = "ccf3ec651a847eb01de73ccad15eb7d99f80485de043efb2f370cd654f4ea44b"

[[package]]
name = "wyz"
version = "0.5.1"
source = "registry+https://github.com/rust-lang/crates.io-index"
checksum = "05f360fc0b24296329c78fda852a1e9ae82de9cf7b27dae4b7f62f118f77b9ed"
dependencies = [
 "tap",
]

[[package]]
name = "zcash_address"
version = "0.7.1"
source = "registry+https://github.com/rust-lang/crates.io-index"
checksum = "71591bb4eb2fd7622e88eed42e7d7d8501cd1e920a0698c7fb08723a8c1d0b4f"
dependencies = [
 "bech32",
 "bs58",
 "core2",
 "f4jumble",
 "zcash_encoding",
 "zcash_protocol 0.5.4",
]

[[package]]
name = "zcash_encoding"
version = "0.3.0"
source = "registry+https://github.com/rust-lang/crates.io-index"
checksum = "bca38087e6524e5f51a5b0fb3fc18f36d7b84bf67b2056f494ca0c281590953d"
dependencies = [
 "core2",
 "nonempty 0.11.0",
]

[[package]]
name = "zcash_note_encryption"
version = "0.4.1"
source = "registry+https://github.com/rust-lang/crates.io-index"
checksum = "77efec759c3798b6e4d829fcc762070d9b229b0f13338c40bf993b7b609c2272"
dependencies = [
 "chacha20",
 "chacha20poly1305",
 "cipher",
 "rand_core",
 "subtle",
]

[[package]]
name = "zcash_protocol"
version = "0.4.3"
source = "registry+https://github.com/rust-lang/crates.io-index"
checksum = "82cb36b15b5a1be70b30c32ce40372dead6561df8a467e297f96b892873a63a2"
dependencies = [
 "core2",
 "document-features",
 "hex",
 "memuse",
]

[[package]]
name = "zcash_protocol"
version = "0.5.4"
source = "registry+https://github.com/rust-lang/crates.io-index"
checksum = "42344f5735237d6e0eedd3680f1c92f64e9c4144045d7b5c82f4867c2cbc0a02"
dependencies = [
 "core2",
 "document-features",
 "hex",
 "memuse",
]

[[package]]
name = "zcash_spec"
version = "0.1.2"
source = "registry+https://github.com/rust-lang/crates.io-index"
checksum = "9cede95491c2191d3e278cab76e097a44b17fde8d6ca0d4e3a22cf4807b2d857"
dependencies = [
 "blake2b_simd",
]

[[package]]
name = "zerocopy"
version = "0.8.42"
source = "registry+https://github.com/rust-lang/crates.io-index"
checksum = "f2578b716f8a7a858b7f02d5bd870c14bf4ddbbcf3a4c05414ba6503640505e3"
dependencies = [
 "zerocopy-derive",
]

[[package]]
name = "zerocopy-derive"
version = "0.8.42"
source = "registry+https://github.com/rust-lang/crates.io-index"
checksum = "7e6cc098ea4d3bd6246687de65af3f920c430e236bee1e3bf2e441463f08a02f"
dependencies = [
 "proc-macro2",
 "quote",
 "syn 2.0.117",
]

[[package]]
name = "zeroize"
version = "1.8.2"
source = "registry+https://github.com/rust-lang/crates.io-index"
checksum = "b97154e67e32c85465826e8bcc1c59429aaaf107c1e4a9e53c8d8ccd5eff88d0"
dependencies = [
 "zeroize_derive",
]

[[package]]
name = "zeroize_derive"
version = "1.4.3"
source = "registry+https://github.com/rust-lang/crates.io-index"
checksum = "85a5b4158499876c763cb03bc4e49185d3cccbabb15b33c627f7884f43db852e"
dependencies = [
 "proc-macro2",
 "quote",
 "syn 2.0.117",
]

[[package]]
name = "zip32"
version = "0.1.3"
source = "registry+https://github.com/rust-lang/crates.io-index"
checksum = "2e9943793abf9060b68e1889012dafbd5523ab5b125c0fcc24802d69182f2ac9"
dependencies = [
 "blake2b_simd",
 "memuse",
 "subtle",
 "zcash_spec",
]

[[package]]
name = "zns-circuit"
version = "0.1.0"
dependencies = [
 "ark-bls12-381",
 "ark-ec",
 "ark-ff",
 "ark-groth16",
 "ark-r1cs-std",
 "ark-relations",
 "ark-serialize",
 "ark-snark",
 "ark-std",
 "base64",
 "blake2b_simd",
 "ff",
 "group",
 "hex",
 "orchard",
 "pasta_curves",
 "rand",
 "zcash_address",
 "zcash_protocol 0.4.3",
]
